
Microsoft Visual Studio Solution File, Format Version 12.00
# Visual Studio Version 16
VisualStudioVersion = 16.0.31729.503
MinimumVisualStudioVersion = 10.0.40219.1
Project("{8BC9CEB8-8B4A-11D0-8D11-00A0C91BC942}") = "test2", "test2\test2.vcxproj", "{DC4A80F4-0604-4E2E-8B5D-A259662D0710}"
EndProject
Global
	GlobalSection(SolutionConfigurationPlatforms) = preSolution
		Debug|x64 = Debug|x64
		Debug|x86 = Debug|x86
		Release|x64 = Release|x64
		Release|x86 = Release|x86
	EndGlobalSection
	GlobalSection(ProjectConfigurationPlatforms) = postSolution
		{DC4A80F4-0604-4E2E-8B5D-A259662D0710}.Debug|x64.ActiveCfg = Debug|x64
		{DC4A80F4-0604-4E2E-8B5D-A259662D0710}.Debug|x64.Build.0 = Debug|x64
		{DC4A80F4-0604-4E2E-8B5D-A259662D0710}.Debug|x86.ActiveCfg = Debug|Win32
		{DC4A80F4-0604-4E2E-8B5D-A259662D0710}.Debug|x86.Build.0 = Debug|Win32
		{DC4A80F4-0604-4E2E-8B5D-A259662D0710}.Release|x64.ActiveCfg = Release|x64
		{DC4A80F4-0604-4E2E-8B5D-A259662D0710}.Release|x64.Build.0 = Release|x64
		{DC4A80F4-0604-4E2E-8B5D-A259662D0710}.Release|x86.ActiveCfg = Release|Win32
		{DC4A80F4-0604-4E2E-8B5D-A259662D0710}.Release|x86.Build.0 = Release|Win32
	EndGlobalSection
	GlobalSection(SolutionProperties) = preSolution
		HideSolutionNode = FALSE
	EndGlobalSection
	GlobalSection(ExtensibilityGlobals) = postSolution
		SolutionGuid = {424746EC-AC5A-4045-AB1F-FAF44615D0F8}
	EndGlobalSection
EndGlobal
